// !$*UTF8*$!
{
	archiveVersion = 1;
	classes = {
	};
	objectVersion = 77;
	objects = {

/* Begin PBXBuildFile section */
		4F361E562D5B7B540079E131 /* StationsViewPresenter.swift in Sources */ = {isa = PBXBuildFile; fileRef = 4F361E552D5B7B540079E131 /* StationsViewPresenter.swift */; };
		4F361E592D5B97E50079E131 /* AssemblyModelBuider.swift in Sources */ = {isa = PBXBuildFile; fileRef = 4F361E582D5B97E50079E131 /* AssemblyModelBuider.swift */; };
		4F5D6F9B2DB163420086AB16 /* GradientView.swift in Sources */ = {isa = PBXBuildFile; fileRef = 4F5D6F9A2DB163420086AB16 /* GradientView.swift */; };
		4F5D6F9D2DB16F410086AB16 /* StationsViewUIComponents.swift in Sources */ = {isa = PBXBuildFile; fileRef = 4F5D6F9C2DB16F410086AB16 /* StationsViewUIComponents.swift */; };
		4F5D6F9F2DBA67800086AB16 /* RadioStationData.swift in Sources */ = {isa = PBXBuildFile; fileRef = 4F5D6F9E2DBA67800086AB16 /* RadioStationData.swift */; };
		4F8936582DAFF2A3005252A2 /* RadioStationCell.swift in Sources */ = {isa = PBXBuildFile; fileRef = 4F8936572DAFF2A3005252A2 /* RadioStationCell.swift */; };
		4F89365A2DAFF3B6005252A2 /* CustomGradientActivityIndicator.swift in Sources */ = {isa = PBXBuildFile; fileRef = 4F8936592DAFF3B6005252A2 /* CustomGradientActivityIndicator.swift */; };
		4F8B17732D5A8882004DC12E /* Alamofire in Frameworks */ = {isa = PBXBuildFile; productRef = 4F8B17722D5A8882004DC12E /* Alamofire */; };
		4F8B17762D5A8A62004DC12E /* Kingfisher in Frameworks */ = {isa = PBXBuildFile; productRef = 4F8B17752D5A8A62004DC12E /* Kingfisher */; };
		4F8B17792D5A8A6D004DC12E /* FRadioPlayer in Frameworks */ = {isa = PBXBuildFile; productRef = 4F8B17782D5A8A6D004DC12E /* FRadioPlayer */; };
		4F8B17862D5A8ADF004DC12E /* AppDelegate.swift in Sources */ = {isa = PBXBuildFile; fileRef = 4F8B177C2D5A8ADF004DC12E /* AppDelegate.swift */; };
		4F8B17872D5A8ADF004DC12E /* SceneDelegate.swift in Sources */ = {isa = PBXBuildFile; fileRef = 4F8B17832D5A8ADF004DC12E /* SceneDelegate.swift */; };
		4F8B17892D5A8ADF004DC12E /* Assets.xcassets in Resources */ = {isa = PBXBuildFile; fileRef = 4F8B177D2D5A8ADF004DC12E /* Assets.xcassets */; };
		4F8B178B2D5A8ADF004DC12E /* LaunchScreen.storyboard in Resources */ = {isa = PBXBuildFile; fileRef = 4F8B17802D5A8ADF004DC12E /* LaunchScreen.storyboard */; };
		4F8B178C2D5A8ADF004DC12E /* Main.storyboard in Resources */ = {isa = PBXBuildFile; fileRef = 4F8B17822D5A8ADF004DC12E /* Main.storyboard */; };
		4F8B17922D5A8B8E004DC12E /* SearchResponse.swift in Sources */ = {isa = PBXBuildFile; fileRef = 4F8B17912D5A8B8E004DC12E /* SearchResponse.swift */; };
		4F8B17942D5A8BBB004DC12E /* NetworkServiceWithAlamofire.swift in Sources */ = {isa = PBXBuildFile; fileRef = 4F8B17932D5A8BBB004DC12E /* NetworkServiceWithAlamofire.swift */; };
		4F8B17962D5A8C00004DC12E /* NetworkLivenessService.swift in Sources */ = {isa = PBXBuildFile; fileRef = 4F8B17952D5A8C00004DC12E /* NetworkLivenessService.swift */; };
		4F8B17982D5A8C59004DC12E /* TransferData.swift in Sources */ = {isa = PBXBuildFile; fileRef = 4F8B17972D5A8C59004DC12E /* TransferData.swift */; };
		4F9EA20B2D972B830028446B /* StationsViewController.swift in Sources */ = {isa = PBXBuildFile; fileRef = 4F9EA20A2D972B830028446B /* StationsViewController.swift */; };
		4FAEF3922D79B3A100EAE6BA /* Router.swift in Sources */ = {isa = PBXBuildFile; fileRef = 4FAEF3912D79B3A100EAE6BA /* Router.swift */; };
		4FAEF3942D80572D00EAE6BA /* AudioPlayer.swift in Sources */ = {isa = PBXBuildFile; fileRef = 4FAEF3932D80572D00EAE6BA /* AudioPlayer.swift */; };
		4FAEF3962D85CDAB00EAE6BA /* AudioPlayerDelegateHandler.swift in Sources */ = {isa = PBXBuildFile; fileRef = 4FAEF3952D85CDAB00EAE6BA /* AudioPlayerDelegateHandler.swift */; };
		4FB75C822D734A8700131085 /* NowPlayingViewPresenter.swift in Sources */ = {isa = PBXBuildFile; fileRef = 4FB75C812D734A8700131085 /* NowPlayingViewPresenter.swift */; };
		4FB75C842D7370CC00131085 /* NowPlayingViewController.swift in Sources */ = {isa = PBXBuildFile; fileRef = 4FB75C832D7370CC00131085 /* NowPlayingViewController.swift */; };
		4FB75C872D7371CE00131085 /* NowPlayingViewUIComponents.swift in Sources */ = {isa = PBXBuildFile; fileRef = 4FB75C862D7371CE00131085 /* NowPlayingViewUIComponents.swift */; };
/* End PBXBuildFile section */

/* Begin PBXFileReference section */
		4F361E552D5B7B540079E131 /* StationsViewPresenter.swift */ = {isa = PBXFileReference; lastKnownFileType = sourcecode.swift; path = StationsViewPresenter.swift; sourceTree = "<group>"; };
		4F361E582D5B97E50079E131 /* AssemblyModelBuider.swift */ = {isa = PBXFileReference; lastKnownFileType = sourcecode.swift; path = AssemblyModelBuider.swift; sourceTree = "<group>"; };
		4F5D6F9A2DB163420086AB16 /* GradientView.swift */ = {isa = PBXFileReference; lastKnownFileType = sourcecode.swift; path = GradientView.swift; sourceTree = "<group>"; };
		4F5D6F9C2DB16F410086AB16 /* StationsViewUIComponents.swift */ = {isa = PBXFileReference; lastKnownFileType = sourcecode.swift; path = StationsViewUIComponents.swift; sourceTree = "<group>"; };
		4F5D6F9E2DBA67800086AB16 /* RadioStationData.swift */ = {isa = PBXFileReference; lastKnownFileType = sourcecode.swift; path = RadioStationData.swift; sourceTree = "<group>"; };
		4F8936572DAFF2A3005252A2 /* RadioStationCell.swift */ = {isa = PBXFileReference; lastKnownFileType = sourcecode.swift; path = RadioStationCell.swift; sourceTree = "<group>"; };
		4F8936592DAFF3B6005252A2 /* CustomGradientActivityIndicator.swift */ = {isa = PBXFileReference; lastKnownFileType = sourcecode.swift; path = CustomGradientActivityIndicator.swift; sourceTree = "<group>"; };
		4F8B17592D5A8869004DC12E /* Radio Application on MVP.app */ = {isa = PBXFileReference; explicitFileType = wrapper.application; includeInIndex = 0; path = "Radio Application on MVP.app"; sourceTree = BUILT_PRODUCTS_DIR; };
		4F8B177C2D5A8ADF004DC12E /* AppDelegate.swift */ = {isa = PBXFileReference; lastKnownFileType = sourcecode.swift; path = AppDelegate.swift; sourceTree = "<group>"; };
		4F8B177D2D5A8ADF004DC12E /* Assets.xcassets */ = {isa = PBXFileReference; lastKnownFileType = folder.assetcatalog; path = Assets.xcassets; sourceTree = "<group>"; };
		4F8B177E2D5A8ADF004DC12E /* Info.plist */ = {isa = PBXFileReference; lastKnownFileType = text.plist.xml; path = Info.plist; sourceTree = "<group>"; };
		4F8B177F2D5A8ADF004DC12E /* Base */ = {isa = PBXFileReference; lastKnownFileType = file.storyboard; name = Base; path = Base.lproj/LaunchScreen.storyboard; sourceTree = "<group>"; };
		4F8B17812D5A8ADF004DC12E /* Base */ = {isa = PBXFileReference; lastKnownFileType = file.storyboard; name = Base; path = Base.lproj/Main.storyboard; sourceTree = "<group>"; };
		4F8B17832D5A8ADF004DC12E /* SceneDelegate.swift */ = {isa = PBXFileReference; lastKnownFileType = sourcecode.swift; path = SceneDelegate.swift; sourceTree = "<group>"; };
		4F8B17912D5A8B8E004DC12E /* SearchResponse.swift */ = {isa = PBXFileReference; lastKnownFileType = sourcecode.swift; path = SearchResponse.swift; sourceTree = "<group>"; };
		4F8B17932D5A8BBB004DC12E /* NetworkServiceWithAlamofire.swift */ = {isa = PBXFileReference; lastKnownFileType = sourcecode.swift; path = NetworkServiceWithAlamofire.swift; sourceTree = "<group>"; };
		4F8B17952D5A8C00004DC12E /* NetworkLivenessService.swift */ = {isa = PBXFileReference; lastKnownFileType = sourcecode.swift; path = NetworkLivenessService.swift; sourceTree = "<group>"; };
		4F8B17972D5A8C59004DC12E /* TransferData.swift */ = {isa = PBXFileReference; lastKnownFileType = sourcecode.swift; path = TransferData.swift; sourceTree = "<group>"; };
		4F9EA20A2D972B830028446B /* StationsViewController.swift */ = {isa = PBXFileReference; lastKnownFileType = sourcecode.swift; path = StationsViewController.swift; sourceTree = "<group>"; };
		4FAEF3912D79B3A100EAE6BA /* Router.swift */ = {isa = PBXFileReference; lastKnownFileType = sourcecode.swift; path = Router.swift; sourceTree = "<group>"; };
		4FAEF3932D80572D00EAE6BA /* AudioPlayer.swift */ = {isa = PBXFileReference; lastKnownFileType = sourcecode.swift; path = AudioPlayer.swift; sourceTree = "<group>"; };
		4FAEF3952D85CDAB00EAE6BA /* AudioPlayerDelegateHandler.swift */ = {isa = PBXFileReference; lastKnownFileType = sourcecode.swift; path = AudioPlayerDelegateHandler.swift; sourceTree = "<group>"; };
		4FB75C812D734A8700131085 /* NowPlayingViewPresenter.swift */ = {isa = PBXFileReference; lastKnownFileType = sourcecode.swift; path = NowPlayingViewPresenter.swift; sourceTree = "<group>"; };
		4FB75C832D7370CC00131085 /* NowPlayingViewController.swift */ = {isa = PBXFileReference; lastKnownFileType = sourcecode.swift; path = NowPlayingViewController.swift; sourceTree = "<group>"; };
		4FB75C862D7371CE00131085 /* NowPlayingViewUIComponents.swift */ = {isa = PBXFileReference; lastKnownFileType = sourcecode.swift; path = NowPlayingViewUIComponents.swift; sourceTree = "<group>"; };
/* End PBXFileReference section */

/* Begin PBXFrameworksBuildPhase section */
		4F8B17562D5A8869004DC12E /* Frameworks */ = {
			isa = PBXFrameworksBuildPhase;
			buildActionMask = 2147483647;
			files = (
				4F8B17762D5A8A62004DC12E /* Kingfisher in Frameworks */,
				4F8B17732D5A8882004DC12E /* Alamofire in Frameworks */,
				4F8B17792D5A8A6D004DC12E /* FRadioPlayer in Frameworks */,
			);
			runOnlyForDeploymentPostprocessing = 0;
		};
/* End PBXFrameworksBuildPhase section */

/* Begin PBXGroup section */
		4F8936552DAFF0D9005252A2 /* StationsViewModule */ = {
			isa = PBXGroup;
			children = (
				4F361E552D5B7B540079E131 /* StationsViewPresenter.swift */,
				4F9EA20A2D972B830028446B /* StationsViewController.swift */,
				4F8936572DAFF2A3005252A2 /* RadioStationCell.swift */,
				4F8936592DAFF3B6005252A2 /* CustomGradientActivityIndicator.swift */,
				4F5D6F9A2DB163420086AB16 /* GradientView.swift */,
				4F5D6F9C2DB16F410086AB16 /* StationsViewUIComponents.swift */,
			);
			path = StationsViewModule;
			sourceTree = "<group>";
		};
		4F8936562DAFF11A005252A2 /* NowPlayingViewModule */ = {
			isa = PBXGroup;
			children = (
				4FB75C812D734A8700131085 /* NowPlayingViewPresenter.swift */,
				4FB75C832D7370CC00131085 /* NowPlayingViewController.swift */,
				4FB75C862D7371CE00131085 /* NowPlayingViewUIComponents.swift */,
			);
			path = NowPlayingViewModule;
			sourceTree = "<group>";
		};
		4F8B17502D5A8869004DC12E = {
			isa = PBXGroup;
			children = (
				4F8B17852D5A8ADF004DC12E /* Radio Application on MVP */,
			);
			sourceTree = "<group>";
		};
		4F8B17852D5A8ADF004DC12E /* Radio Application on MVP */ = {
			isa = PBXGroup;
			children = (
				4F8936552DAFF0D9005252A2 /* StationsViewModule */,
				4F8936562DAFF11A005252A2 /* NowPlayingViewModule */,
				4F8B178D2D5A8AF2004DC12E /* Model */,
				4F8B178E2D5A8B3D004DC12E /* ServiceLayer */,
				4F8B177C2D5A8ADF004DC12E /* AppDelegate.swift */,
				4F8B177D2D5A8ADF004DC12E /* Assets.xcassets */,
				4F8B177E2D5A8ADF004DC12E /* Info.plist */,
				4F8B17802D5A8ADF004DC12E /* LaunchScreen.storyboard */,
				4F8B17822D5A8ADF004DC12E /* Main.storyboard */,
				4F8B17832D5A8ADF004DC12E /* SceneDelegate.swift */,
				4F361E582D5B97E50079E131 /* AssemblyModelBuider.swift */,
				4FAEF3912D79B3A100EAE6BA /* Router.swift */,
				4F8B17592D5A8869004DC12E /* Radio Application on MVP.app */,
			);
			path = "Radio Application on MVP";
			sourceTree = "<group>";
		};
		4F8B178D2D5A8AF2004DC12E /* Model */ = {
			isa = PBXGroup;
			children = (
				4F8B17912D5A8B8E004DC12E /* SearchResponse.swift */,
				4F8B17972D5A8C59004DC12E /* TransferData.swift */,
				4F5D6F9E2DBA67800086AB16 /* RadioStationData.swift */,
			);
			path = Model;
			sourceTree = "<group>";
		};
		4F8B178E2D5A8B3D004DC12E /* ServiceLayer */ = {
			isa = PBXGroup;
			children = (
				4F8B17932D5A8BBB004DC12E /* NetworkServiceWithAlamofire.swift */,
				4F8B17952D5A8C00004DC12E /* NetworkLivenessService.swift */,
				4FAEF3932D80572D00EAE6BA /* AudioPlayer.swift */,
				4FAEF3952D85CDAB00EAE6BA /* AudioPlayerDelegateHandler.swift */,
			);
			path = ServiceLayer;
			sourceTree = "<group>";
		};
/* End PBXGroup section */

/* Begin PBXNativeTarget section */
		4F8B17582D5A8869004DC12E /* Radio Application on MVP */ = {
			isa = PBXNativeTarget;
			buildConfigurationList = 4F8B176C2D5A886A004DC12E /* Build configuration list for PBXNativeTarget "Radio Application on MVP" */;
			buildPhases = (
				4F8B17552D5A8869004DC12E /* Sources */,
				4F8B17562D5A8869004DC12E /* Frameworks */,
				4F8B17572D5A8869004DC12E /* Resources */,
			);
			buildRules = (
			);
			dependencies = (
			);
			name = "Radio Application on MVP";
			packageProductDependencies = (
				4F8B17722D5A8882004DC12E /* Alamofire */,
				4F8B17752D5A8A62004DC12E /* Kingfisher */,
				4F8B17782D5A8A6D004DC12E /* FRadioPlayer */,
			);
			productName = "Radio Application on MVP";
			productReference = 4F8B17592D5A8869004DC12E /* Radio Application on MVP.app */;
			productType = "com.apple.product-type.application";
		};
/* End PBXNativeTarget section */

/* Begin PBXProject section */
		4F8B17512D5A8869004DC12E /* Project object */ = {
			isa = PBXProject;
			attributes = {
				BuildIndependentTargetsInParallel = 1;
				LastSwiftUpdateCheck = 1620;
				LastUpgradeCheck = 2620;
				TargetAttributes = {
					4F8B17582D5A8869004DC12E = {
						CreatedOnToolsVersion = 16.2;
					};
				};
			};
			buildConfigurationList = 4F8B17542D5A8869004DC12E /* Build configuration list for PBXProject "Radio Application on MVP" */;
			developmentRegion = en;
			hasScannedForEncodings = 0;
			knownRegions = (
				en,
				Base,
			);
			mainGroup = 4F8B17502D5A8869004DC12E;
			minimizedProjectReferenceProxies = 1;
			packageReferences = (
				4F8B17712D5A8882004DC12E /* XCRemoteSwiftPackageReference "Alamofire" */,
				4F8B17742D5A8A62004DC12E /* XCRemoteSwiftPackageReference "Kingfisher" */,
				4F8B17772D5A8A6D004DC12E /* XCRemoteSwiftPackageReference "FRadioPlayer" */,
			);
			preferredProjectObjectVersion = 77;
			productRefGroup = 4F8B17502D5A8869004DC12E;
			projectDirPath = "";
			projectRoot = "";
			targets = (
				4F8B17582D5A8869004DC12E /* Radio Application on MVP */,
			);
		};
/* End PBXProject section */

/* Begin PBXResourcesBuildPhase section */
		4F8B17572D5A8869004DC12E /* Resources */ = {
			isa = PBXResourcesBuildPhase;
			buildActionMask = 2147483647;
			files = (
				4F8B17892D5A8ADF004DC12E /* Assets.xcassets in Resources */,
				4F8B178B2D5A8ADF004DC12E /* LaunchScreen.storyboard in Resources */,
				4F8B178C2D5A8ADF004DC12E /* Main.storyboard in Resources */,
			);
			runOnlyForDeploymentPostprocessing = 0;
		};
/* End PBXResourcesBuildPhase section */

/* Begin PBXSourcesBuildPhase section */
		4F8B17552D5A8869004DC12E /* Sources */ = {
			isa = PBXSourcesBuildPhase;
			buildActionMask = 2147483647;
			files = (
				4F8B17922D5A8B8E004DC12E /* SearchResponse.swift in Sources */,
				4F361E592D5B97E50079E131 /* AssemblyModelBuider.swift in Sources */,
				4F8936582DAFF2A3005252A2 /* RadioStationCell.swift in Sources */,
				4F8B17862D5A8ADF004DC12E /* AppDelegate.swift in Sources */,
				4F361E562D5B7B540079E131 /* StationsViewPresenter.swift in Sources */,
				4F8B17872D5A8ADF004DC12E /* SceneDelegate.swift in Sources */,
				4FB75C822D734A8700131085 /* NowPlayingViewPresenter.swift in Sources */,
				4FB75C872D7371CE00131085 /* NowPlayingViewUIComponents.swift in Sources */,
				4F5D6F9B2DB163420086AB16 /* GradientView.swift in Sources */,
				4F8B17942D5A8BBB004DC12E /* NetworkServiceWithAlamofire.swift in Sources */,
				4FB75C842D7370CC00131085 /* NowPlayingViewController.swift in Sources */,
				4F5D6F9D2DB16F410086AB16 /* StationsViewUIComponents.swift in Sources */,
				4F5D6F9F2DBA67800086AB16 /* RadioStationData.swift in Sources */,
				4F8B17962D5A8C00004DC12E /* NetworkLivenessService.swift in Sources */,
				4F8B17982D5A8C59004DC12E /* TransferData.swift in Sources */,
				4FAEF3922D79B3A100EAE6BA /* Router.swift in Sources */,
				4FAEF3962D85CDAB00EAE6BA /* AudioPlayerDelegateHandler.swift in Sources */,
				4F9EA20B2D972B830028446B /* StationsViewController.swift in Sources */,
				4F89365A2DAFF3B6005252A2 /* CustomGradientActivityIndicator.swift in Sources */,
				4FAEF3942D80572D00EAE6BA /* AudioPlayer.swift in Sources */,
			);
			runOnlyForDeploymentPostprocessing = 0;
		};
/* End PBXSourcesBuildPhase section */

/* Begin PBXVariantGroup section */
		4F8B17802D5A8ADF004DC12E /* LaunchScreen.storyboard */ = {
			isa = PBXVariantGroup;
			children = (
				4F8B177F2D5A8ADF004DC12E /* Base */,
			);
			name = LaunchScreen.storyboard;
			sourceTree = "<group>";
		};
		4F8B17822D5A8ADF004DC12E /* Main.storyboard */ = {
			isa = PBXVariantGroup;
			children = (
				4F8B17812D5A8ADF004DC12E /* Base */,
			);
			name = Main.storyboard;
			sourceTree = "<group>";
		};
/* End PBXVariantGroup section */

/* Begin XCBuildConfiguration section */
		4F8B176D2D5A886A004DC12E /* Debug */ = {
			isa = XCBuildConfiguration;
			buildSettings = {
				ASSETCATALOG_COMPILER_APPICON_NAME = AppIcon;
				ASSETCATALOG_COMPILER_GLOBAL_ACCENT_COLOR_NAME = AccentColor;
				ASSETCATALOG_COMPILER_INCLUDE_ALL_APPICON_ASSETS = NO;
				CODE_SIGN_STYLE = Automatic;
				CURRENT_PROJECT_VERSION = 1;
				GENERATE_INFOPLIST_FILE = YES;
				INFOPLIST_FILE = "Radio Application on MVP/Info.plist";
				INFOPLIST_KEY_LSApplicationCategoryType = "public.app-category.music";
				INFOPLIST_KEY_UIApplicationSupportsIndirectInputEvents = YES;
				INFOPLIST_KEY_UILaunchStoryboardName = LaunchScreen;
				INFOPLIST_KEY_UIMainStoryboardFile = Main;
				INFOPLIST_KEY_UISupportedInterfaceOrientations = UIInterfaceOrientationPortrait;
				INFOPLIST_KEY_UISupportedInterfaceOrientations_iPad = "UIInterfaceOrientationLandscapeLeft UIInterfaceOrientationLandscapeRight UIInterfaceOrientationPortrait UIInterfaceOrientationPortraitUpsideDown";
				LD_RUNPATH_SEARCH_PATHS = (
					"$(inherited)",
					"@executable_path/Frameworks",
				);
				MARKETING_VERSION = 1.0;
				PRODUCT_BUNDLE_IDENTIFIER = "PersonalTeam.Radio-Application-on-MVP";
				PRODUCT_NAME = "$(TARGET_NAME)";
				SWIFT_EMIT_LOC_STRINGS = YES;
				SWIFT_VERSION = 5.0;
				TARGETED_DEVICE_FAMILY = "1,2";
			};
			name = Debug;
		};
		4F8B176E2D5A886A004DC12E /* Release */ = {
			isa = XCBuildConfiguration;
			buildSettings = {
				ASSETCATALOG_COMPILER_APPICON_NAME = AppIcon;
				ASSETCATALOG_COMPILER_GLOBAL_ACCENT_COLOR_NAME = AccentColor;
				ASSETCATALOG_COMPILER_INCLUDE_ALL_APPICON_ASSETS = NO;
				CODE_SIGN_STYLE = Automatic;
				CURRENT_PROJECT_VERSION = 1;
				GENERATE_INFOPLIST_FILE = YES;
				INFOPLIST_FILE = "Radio Application on MVP/Info.plist";
				INFOPLIST_KEY_LSApplicationCategoryType = "public.app-category.music";
				INFOPLIST_KEY_UIApplicationSupportsIndirectInputEvents = YES;
				INFOPLIST_KEY_UILaunchStoryboardName = LaunchScreen;
				INFOPLIST_KEY_UIMainStoryboardFile = Main;
				INFOPLIST_KEY_UISupportedInterfaceOrientations = UIInterfaceOrientationPortrait;
				INFOPLIST_KEY_UISupportedInterfaceOrientations_iPad = "UIInterfaceOrientationLandscapeLeft UIInterfaceOrientationLandscapeRight UIInterfaceOrientationPortrait UIInterfaceOrientationPortraitUpsideDown";
				LD_RUNPATH_SEARCH_PATHS = (
					"$(inherited)",
					"@executable_path/Frameworks",
				);
				MARKETING_VERSION = 1.0;
				PRODUCT_BUNDLE_IDENTIFIER = "PersonalTeam.Radio-Application-on-MVP";
				PRODUCT_NAME = "$(TARGET_NAME)";
				SWIFT_EMIT_LOC_STRINGS = YES;
				SWIFT_VERSION = 5.0;
				TARGETED_DEVICE_FAMILY = "1,2";
			};
			name = Release;
		};
		4F8B176F2D5A886A004DC12E /* Debug */ = {
			isa = XCBuildConfiguration;
			buildSettings = {
				ALWAYS_SEARCH_USER_PATHS = NO;
				ASSETCATALOG_COMPILER_GENERATE_SWIFT_ASSET_SYMBOL_EXTENSIONS = YES;
				CLANG_ANALYZER_NONNULL = YES;
				CLANG_ANALYZER_NUMBER_OBJECT_CONVERSION = YES_AGGRESSIVE;
				CLANG_CXX_LANGUAGE_STANDARD = "gnu++20";
				CLANG_ENABLE_MODULES = YES;
				CLANG_ENABLE_OBJC_ARC = YES;
				CLANG_ENABLE_OBJC_WEAK = YES;
				CLANG_WARN_BLOCK_CAPTURE_AUTORELEASING = YES;
				CLANG_WARN_BOOL_CONVERSION = YES;
				CLANG_WARN_COMMA = YES;
				CLANG_WARN_CONSTANT_CONVERSION = YES;
				CLANG_WARN_DEPRECATED_OBJC_IMPLEMENTATIONS = YES;
				CLANG_WARN_DIRECT_OBJC_ISA_USAGE = YES_ERROR;
				CLANG_WARN_DOCUMENTATION_COMMENTS = YES;
				CLANG_WARN_EMPTY_BODY = YES;
				CLANG_WARN_ENUM_CONVERSION = YES;
				CLANG_WARN_INFINITE_RECURSION = YES;
				CLANG_WARN_INT_CONVERSION = YES;
				CLANG_WARN_NON_LITERAL_NULL_CONVERSION = YES;
				CLANG_WARN_OBJC_IMPLICIT_RETAIN_SELF = YES;
				CLANG_WARN_OBJC_LITERAL_CONVERSION = YES;
				CLANG_WARN_OBJC_ROOT_CLASS = YES_ERROR;
				CLANG_WARN_QUOTED_INCLUDE_IN_FRAMEWORK_HEADER = YES;
				CLANG_WARN_RANGE_LOOP_ANALYSIS = YES;
				CLANG_WARN_STRICT_PROTOTYPES = YES;
				CLANG_WARN_SUSPICIOUS_MOVE = YES;
				CLANG_WARN_UNGUARDED_AVAILABILITY = YES_AGGRESSIVE;
				CLANG_WARN_UNREACHABLE_CODE = YES;
				CLANG_WARN__DUPLICATE_METHOD_MATCH = YES;
				COPY_PHASE_STRIP = NO;
				DEBUG_INFORMATION_FORMAT = dwarf;
				DEVELOPMENT_TEAM = ZJ5TM29AK7;
				ENABLE_STRICT_OBJC_MSGSEND = YES;
				ENABLE_TESTABILITY = YES;
				ENABLE_USER_SCRIPT_SANDBOXING = YES;
				GCC_C_LANGUAGE_STANDARD = gnu17;
				GCC_DYNAMIC_NO_PIC = NO;
				GCC_NO_COMMON_BLOCKS = YES;
				GCC_OPTIMIZATION_LEVEL = 0;
				GCC_PREPROCESSOR_DEFINITIONS = (
					"DEBUG=1",
					"$(inherited)",
				);
				GCC_WARN_64_TO_32_BIT_CONVERSION = YES;
				GCC_WARN_ABOUT_RETURN_TYPE = YES_ERROR;
				GCC_WARN_UNDECLARED_SELECTOR = YES;
				GCC_WARN_UNINITIALIZED_AUTOS = YES_AGGRESSIVE;
				GCC_WARN_UNUSED_FUNCTION = YES;
				GCC_WARN_UNUSED_VARIABLE = YES;
				IPHONEOS_DEPLOYMENT_TARGET = 18.2;
				LOCALIZATION_PREFERS_STRING_CATALOGS = YES;
				MTL_ENABLE_DEBUG_INFO = INCLUDE_SOURCE;
				MTL_FAST_MATH = YES;
				ONLY_ACTIVE_ARCH = YES;
				SDKROOT = iphoneos;
				STRING_CATALOG_GENERATE_SYMBOLS = YES;
				SWIFT_ACTIVE_COMPILATION_CONDITIONS = "DEBUG $(inherited)";
				SWIFT_OPTIMIZATION_LEVEL = "-Onone";
			};
			name = Debug;
		};
		4F8B17702D5A886A004DC12E /* Release */ = {
			isa = XCBuildConfiguration;
			buildSettings = {
				ALWAYS_SEARCH_USER_PATHS = NO;
				ASSETCATALOG_COMPILER_GENERATE_SWIFT_ASSET_SYMBOL_EXTENSIONS = YES;
				CLANG_ANALYZER_NONNULL = YES;
				CLANG_ANALYZER_NUMBER_OBJECT_CONVERSION = YES_AGGRESSIVE;
				CLANG_CXX_LANGUAGE_STANDARD = "gnu++20";
				CLANG_ENABLE_MODULES = YES;
				CLANG_ENABLE_OBJC_ARC = YES;
				CLANG_ENABLE_OBJC_WEAK = YES;
				CLANG_WARN_BLOCK_CAPTURE_AUTORELEASING = YES;
				CLANG_WARN_BOOL_CONVERSION = YES;
				CLANG_WARN_COMMA = YES;
				CLANG_WARN_CONSTANT_CONVERSION = YES;
				CLANG_WARN_DEPRECATED_OBJC_IMPLEMENTATIONS = YES;
				CLANG_WARN_DIRECT_OBJC_ISA_USAGE = YES_ERROR;
				CLANG_WARN_DOCUMENTATION_COMMENTS = YES;
				CLANG_WARN_EMPTY_BODY = YES;
				CLANG_WARN_ENUM_CONVERSION = YES;
				CLANG_WARN_INFINITE_RECURSION = YES;
				CLANG_WARN_INT_CONVERSION = YES;
				CLANG_WARN_NON_LITERAL_NULL_CONVERSION = YES;
				CLANG_WARN_OBJC_IMPLICIT_RETAIN_SELF = YES;
				CLANG_WARN_OBJC_LITERAL_CONVERSION = YES;
				CLANG_WARN_OBJC_ROOT_CLASS = YES_ERROR;
				CLANG_WARN_QUOTED_INCLUDE_IN_FRAMEWORK_HEADER = YES;
				CLANG_WARN_RANGE_LOOP_ANALYSIS = YES;
				CLANG_WARN_STRICT_PROTOTYPES = YES;
				CLANG_WARN_SUSPICIOUS_MOVE = YES;
				CLANG_WARN_UNGUARDED_AVAILABILITY = YES_AGGRESSIVE;
				CLANG_WARN_UNREACHABLE_CODE = YES;
				CLANG_WARN__DUPLICATE_METHOD_MATCH = YES;
				COPY_PHASE_STRIP = NO;
				DEBUG_INFORMATION_FORMAT = "dwarf-with-dsym";
				DEVELOPMENT_TEAM = ZJ5TM29AK7;
				ENABLE_NS_ASSERTIONS = NO;
				ENABLE_STRICT_OBJC_MSGSEND = YES;
				ENABLE_USER_SCRIPT_SANDBOXING = YES;
				GCC_C_LANGUAGE_STANDARD = gnu17;
				GCC_NO_COMMON_BLOCKS = YES;
				GCC_WARN_64_TO_32_BIT_CONVERSION = YES;
				GCC_WARN_ABOUT_RETURN_TYPE = YES_ERROR;
				GCC_WARN_UNDECLARED_SELECTOR = YES;
				GCC_WARN_UNINITIALIZED_AUTOS = YES_AGGRESSIVE;
				GCC_WARN_UNUSED_FUNCTION = YES;
				GCC_WARN_UNUSED_VARIABLE = YES;
				IPHONEOS_DEPLOYMENT_TARGET = 18.2;
				LOCALIZATION_PREFERS_STRING_CATALOGS = YES;
				MTL_ENABLE_DEBUG_INFO = NO;
				MTL_FAST_MATH = YES;
				SDKROOT = iphoneos;
				STRING_CATALOG_GENERATE_SYMBOLS = YES;
				SWIFT_COMPILATION_MODE = wholemodule;
				VALIDATE_PRODUCT = YES;
			};
			name = Release;
		};
/* End XCBuildConfiguration section */

/* Begin XCConfigurationList section */
		4F8B17542D5A8869004DC12E /* Build configuration list for PBXProject "Radio Application on MVP" */ = {
			isa = XCConfigurationList;
			buildConfigurations = (
				4F8B176F2D5A886A004DC12E /* Debug */,
				4F8B17702D5A886A004DC12E /* Release */,
			);
			defaultConfigurationIsVisible = 0;
			defaultConfigurationName = Release;
		};
		4F8B176C2D5A886A004DC12E /* Build configuration list for PBXNativeTarget "Radio Application on MVP" */ = {
			isa = XCConfigurationList;
			buildConfigurations = (
				4F8B176D2D5A886A004DC12E /* Debug */,
				4F8B176E2D5A886A004DC12E /* Release */,
			);
			defaultConfigurationIsVisible = 0;
			defaultConfigurationName = Release;
		};
/* End XCConfigurationList section */

/* Begin XCRemoteSwiftPackageReference section */
		4F8B17712D5A8882004DC12E /* XCRemoteSwiftPackageReference "Alamofire" */ = {
			isa = XCRemoteSwiftPackageReference;
			repositoryURL = "https://github.com/Alamofire/Alamofire.git";
			requirement = {
				kind = upToNextMajorVersion;
				minimumVersion = 5.10.2;
			};
		};
		4F8B17742D5A8A62004DC12E /* XCRemoteSwiftPackageReference "Kingfisher" */ = {
			isa = XCRemoteSwiftPackageReference;
			repositoryURL = "https://github.com/onevcat/Kingfisher.git";
			requirement = {
				kind = upToNextMajorVersion;
				minimumVersion = 8.2.0;
			};
		};
		4F8B17772D5A8A6D004DC12E /* XCRemoteSwiftPackageReference "FRadioPlayer" */ = {
			isa = XCRemoteSwiftPackageReference;
			repositoryURL = "https://github.com/fethica/FRadioPlayer.git";
			requirement = {
				kind = upToNextMajorVersion;
				minimumVersion = 0.1.22;
			};
		};
/* End XCRemoteSwiftPackageReference section */

/* Begin XCSwiftPackageProductDependency section */
		4F8B17722D5A8882004DC12E /* Alamofire */ = {
			isa = XCSwiftPackageProductDependency;
			package = 4F8B17712D5A8882004DC12E /* XCRemoteSwiftPackageReference "Alamofire" */;
			productName = Alamofire;
		};
		4F8B17752D5A8A62004DC12E /* Kingfisher */ = {
			isa = XCSwiftPackageProductDependency;
			package = 4F8B17742D5A8A62004DC12E /* XCRemoteSwiftPackageReference "Kingfisher" */;
			productName = Kingfisher;
		};
		4F8B17782D5A8A6D004DC12E /* FRadioPlayer */ = {
			isa = XCSwiftPackageProductDependency;
			package = 4F8B17772D5A8A6D004DC12E /* XCRemoteSwiftPackageReference "FRadioPlayer" */;
			productName = FRadioPlayer;
		};
/* End XCSwiftPackageProductDependency section */
	};
	rootObject = 4F8B17512D5A8869004DC12E /* Project object */;
}
