{
  "originHash" : "8ca888779d282d63d61dcf2d3d8f71ea25fd735e1c666cac5f5c88b749acbfaa",
  "pins" : [
    {
      "identity" : "alamofire",
      "kind" : "remoteSourceControl",
      "location" : "https://github.com/Alamofire/Alamofire.git",
      "state" : {
        "revision" : "513364f870f6bfc468f9d2ff0a95caccc10044c5",
        "version" : "5.10.2"
      }
    },
    {
      "identity" : "fradioplayer",
      "kind" : "remoteSourceControl",
      "location" : "https://github.com/fethica/FRadioPlayer.git",
      "state" : {
        "revision" : "983817334905e438ea7eba9411311cce4258197c",
        "version" : "0.1.22"
      }
    },
    {
      "identity" : "kingfisher",
      "kind" : "remoteSourceControl",
      "location" : "https://github.com/onevcat/Kingfisher.git",
      "state" : {
        "revision" : "3db26ab625d194c38e68c1a40e43d1bc12743fe0",
        "version" : "8.2.0"
      }
    }
  ],
  "version" : 3
}
